// !$*UTF8*$!
{
	archiveVersion = 1;
	classes = {
	};
	objectVersion = 46;
	objects = {

/* Begin PBXBuildFile section */
		4DDEF6491B16E73700FF78F8 /* main.m in Sources */ = {isa = PBXBuildFile; fileRef = 4DDEF6481B16E73700FF78F8 /* main.m */; };
		4DDEF64C1B16E73700FF78F8 /* AppDelegate.m in Sources */ = {isa = PBXBuildFile; fileRef = 4DDEF64B1B16E73700FF78F8 /* AppDelegate.m */; };
		4DDEF64F1B16E73700FF78F8 /* ViewController.m in Sources */ = {isa = PBXBuildFile; fileRef = 4DDEF64E1B16E73700FF78F8 /* ViewController.m */; };
		4DDEF6521B16E73700FF78F8 /* Main.storyboard in Resources */ = {isa = PBXBuildFile; fileRef = 4DDEF6501B16E73700FF78F8 /* Main.storyboard */; };
		4DDEF6541B16E73700FF78F8 /* Images.xcassets in Resources */ = {isa = PBXBuildFile; fileRef = 4DDEF6531B16E73700FF78F8 /* Images.xcassets */; };
		4DDEF6631B16E73700FF78F8 /* UIRefreshTestTests.m in Sources */ = {isa = PBXBuildFile; fileRef = 4DDEF6621B16E73700FF78F8 /* UIRefreshTestTests.m */; };
		4DDEF66F1B16F04D00FF78F8 /* TableViewController.m in Sources */ = {isa = PBXBuildFile; fileRef = 4DDEF66D1B16F04D00FF78F8 /* TableViewController.m */; };
		4DDEF6701B16F04D00FF78F8 /* TableViewController.xib in Resources */ = {isa = PBXBuildFile; fileRef = 4DDEF66E1B16F04D00FF78F8 /* TableViewController.xib */; };
/* End PBXBuildFile section */

/* Begin PBXContainerItemProxy section */
		4DDEF65D1B16E73700FF78F8 /* PBXContainerItemProxy */ = {
			isa = PBXContainerItemProxy;
			containerPortal = 4DDEF63B1B16E73700FF78F8 /* Project object */;
			proxyType = 1;
			remoteGlobalIDString = 4DDEF6421B16E73700FF78F8;
			remoteInfo = UIRefreshTest;
		};
/* End PBXContainerItemProxy section */

/* Begin PBXFileReference section */
		4DDEF6431B16E73700FF78F8 /* UIRefreshTest.app */ = {isa = PBXFileReference; explicitFileType = wrapper.application; includeInIndex = 0; path = UIRefreshTest.app; sourceTree = BUILT_PRODUCTS_DIR; };
		4DDEF6471B16E73700FF78F8 /* Info.plist */ = {isa = PBXFileReference; lastKnownFileType = text.plist.xml; path = Info.plist; sourceTree = "<group>"; };
		4DDEF6481B16E73700FF78F8 /* main.m */ = {isa = PBXFileReference; lastKnownFileType = sourcecode.c.objc; path = main.m; sourceTree = "<group>"; };
		4DDEF64A1B16E73700FF78F8 /* AppDelegate.h */ = {isa = PBXFileReference; lastKnownFileType = sourcecode.c.h; path = AppDelegate.h; sourceTree = "<group>"; };
		4DDEF64B1B16E73700FF78F8 /* AppDelegate.m */ = {isa = PBXFileReference; lastKnownFileType = sourcecode.c.objc; path = AppDelegate.m; sourceTree = "<group>"; };
		4DDEF64D1B16E73700FF78F8 /* ViewController.h */ = {isa = PBXFileReference; lastKnownFileType = sourcecode.c.h; path = ViewController.h; sourceTree = "<group>"; };
		4DDEF64E1B16E73700FF78F8 /* ViewController.m */ = {isa = PBXFileReference; lastKnownFileType = sourcecode.c.objc; path = ViewController.m; sourceTree = "<group>"; };
		4DDEF6511B16E73700FF78F8 /* Base */ = {isa = PBXFileReference; lastKnownFileType = file.storyboard; name = Base; path = Base.lproj/Main.storyboard; sourceTree = "<group>"; };
		4DDEF6531B16E73700FF78F8 /* Images.xcassets */ = {isa = PBXFileReference; lastKnownFileType = folder.assetcatalog; path = Images.xcassets; sourceTree = "<group>"; };
		4DDEF65C1B16E73700FF78F8 /* UIRefreshTestTests.xctest */ = {isa = PBXFileReference; explicitFileType = wrapper.cfbundle; includeInIndex = 0; path = UIRefreshTestTests.xctest; sourceTree = BUILT_PRODUCTS_DIR; };
		4DDEF6611B16E73700FF78F8 /* Info.plist */ = {isa = PBXFileReference; lastKnownFileType = text.plist.xml; path = Info.plist; sourceTree = "<group>"; };
		4DDEF6621B16E73700FF78F8 /* UIRefreshTestTests.m */ = {isa = PBXFileReference; lastKnownFileType = sourcecode.c.objc; path = UIRefreshTestTests.m; sourceTree = "<group>"; };
		4DDEF66C1B16F04D00FF78F8 /* TableViewController.h */ = {isa = PBXFileReference; fileEncoding = 4; lastKnownFileType = sourcecode.c.h; path = TableViewController.h; sourceTree = "<group>"; };
		4DDEF66D1B16F04D00FF78F8 /* TableViewController.m */ = {isa = PBXFileReference; fileEncoding = 4; lastKnownFileType = sourcecode.c.objc; path = TableViewController.m; sourceTree = "<group>"; };
		4DDEF66E1B16F04D00FF78F8 /* TableViewController.xib */ = {isa = PBXFileReference; fileEncoding = 4; lastKnownFileType = file.xib; path = TableViewController.xib; sourceTree = "<group>"; };
/* End PBXFileReference section */

/* Begin PBXFrameworksBuildPhase section */
		4DDEF6401B16E73700FF78F8 /* Frameworks */ = {
			isa = PBXFrameworksBuildPhase;
			buildActionMask = 2147483647;
			files = (
			);
			runOnlyForDeploymentPostprocessing = 0;
		};
		4DDEF6591B16E73700FF78F8 /* Frameworks */ = {
			isa = PBXFrameworksBuildPhase;
			buildActionMask = 2147483647;
			files = (
			);
			runOnlyForDeploymentPostprocessing = 0;
		};
/* End PBXFrameworksBuildPhase section */

/* Begin PBXGroup section */
		4DDEF63A1B16E73700FF78F8 = {
			isa = PBXGroup;
			children = (
				4DDEF6451B16E73700FF78F8 /* UIRefreshTest */,
				4DDEF65F1B16E73700FF78F8 /* UIRefreshTestTests */,
				4DDEF6441B16E73700FF78F8 /* Products */,
			);
			sourceTree = "<group>";
		};
		4DDEF6441B16E73700FF78F8 /* Products */ = {
			isa = PBXGroup;
			children = (
				4DDEF6431B16E73700FF78F8 /* UIRefreshTest.app */,
				4DDEF65C1B16E73700FF78F8 /* UIRefreshTestTests.xctest */,
			);
			name = Products;
			sourceTree = "<group>";
		};
		4DDEF6451B16E73700FF78F8 /* UIRefreshTest */ = {
			isa = PBXGroup;
			children = (
				4DDEF64A1B16E73700FF78F8 /* AppDelegate.h */,
				4DDEF64B1B16E73700FF78F8 /* AppDelegate.m */,
				4DDEF64D1B16E73700FF78F8 /* ViewController.h */,
				4DDEF64E1B16E73700FF78F8 /* ViewController.m */,
				4DDEF6501B16E73700FF78F8 /* Main.storyboard */,
				4DDEF66C1B16F04D00FF78F8 /* TableViewController.h */,
				4DDEF66D1B16F04D00FF78F8 /* TableViewController.m */,
				4DDEF66E1B16F04D00FF78F8 /* TableViewController.xib */,
				4DDEF6531B16E73700FF78F8 /* Images.xcassets */,
				4DDEF6461B16E73700FF78F8 /* Supporting Files */,
			);
			path = UIRefreshTest;
			sourceTree = "<group>";
		};
		4DDEF6461B16E73700FF78F8 /* Supporting Files */ = {
			isa = PBXGroup;
			children = (
				4DDEF6471B16E73700FF78F8 /* Info.plist */,
				4DDEF6481B16E73700FF78F8 /* main.m */,
			);
			name = "Supporting Files";
			sourceTree = "<group>";
		};
		4DDEF65F1B16E73700FF78F8 /* UIRefreshTestTests */ = {
			isa = PBXGroup;
			children = (
				4DDEF6621B16E73700FF78F8 /* UIRefreshTestTests.m */,
				4DDEF6601B16E73700FF78F8 /* Supporting Files */,
			);
			path = UIRefreshTestTests;
			sourceTree = "<group>";
		};
		4DDEF6601B16E73700FF78F8 /* Supporting Files */ = {
			isa = PBXGroup;
			children = (
				4DDEF6611B16E73700FF78F8 /* Info.plist */,
			);
			name = "Supporting Files";
			sourceTree = "<group>";
		};
/* End PBXGroup section */

/* Begin PBXNativeTarget section */
		4DDEF6421B16E73700FF78F8 /* UIRefreshTest */ = {
			isa = PBXNativeTarget;
			buildConfigurationList = 4DDEF6661B16E73700FF78F8 /* Build configuration list for PBXNativeTarget "UIRefreshTest" */;
			buildPhases = (
				4DDEF63F1B16E73700FF78F8 /* Sources */,
				4DDEF6401B16E73700FF78F8 /* Frameworks */,
				4DDEF6411B16E73700FF78F8 /* Resources */,
			);
			buildRules = (
			);
			dependencies = (
			);
			name = UIRefreshTest;
			productName = UIRefreshTest;
			productReference = 4DDEF6431B16E73700FF78F8 /* UIRefreshTest.app */;
			productType = "com.apple.product-type.application";
		};
		4DDEF65B1B16E73700FF78F8 /* UIRefreshTestTests */ = {
			isa = PBXNativeTarget;
			buildConfigurationList = 4DDEF6691B16E73700FF78F8 /* Build configuration list for PBXNativeTarget "UIRefreshTestTests" */;
			buildPhases = (
				4DDEF6581B16E73700FF78F8 /* Sources */,
				4DDEF6591B16E73700FF78F8 /* Frameworks */,
				4DDEF65A1B16E73700FF78F8 /* Resources */,
			);
			buildRules = (
			);
			dependencies = (
				4DDEF65E1B16E73700FF78F8 /* PBXTargetDependency */,
			);
			name = UIRefreshTestTests;
			productName = UIRefreshTestTests;
			productReference = 4DDEF65C1B16E73700FF78F8 /* UIRefreshTestTests.xctest */;
			productType = "com.apple.product-type.bundle.unit-test";
		};
/* End PBXNativeTarget section */

/* Begin PBXProject section */
		4DDEF63B1B16E73700FF78F8 /* Project object */ = {
			isa = PBXProject;
			attributes = {
				LastUpgradeCheck = 0610;
				ORGANIZATIONNAME = Cloudox;
				TargetAttributes = {
					4DDEF6421B16E73700FF78F8 = {
						CreatedOnToolsVersion = 6.1;
					};
					4DDEF65B1B16E73700FF78F8 = {
						CreatedOnToolsVersion = 6.1;
						TestTargetID = 4DDEF6421B16E73700FF78F8;
					};
				};
			};
			buildConfigurationList = 4DDEF63E1B16E73700FF78F8 /* Build configuration list for PBXProject "UIRefreshTest" */;
			compatibilityVersion = "Xcode 3.2";
			developmentRegion = English;
			hasScannedForEncodings = 0;
			knownRegions = (
				en,
				Base,
			);
			mainGroup = 4DDEF63A1B16E73700FF78F8;
			productRefGroup = 4DDEF6441B16E73700FF78F8 /* Products */;
			projectDirPath = "";
			projectRoot = "";
			targets = (
				4DDEF6421B16E73700FF78F8 /* UIRefreshTest */,
				4DDEF65B1B16E73700FF78F8 /* UIRefreshTestTests */,
			);
		};
/* End PBXProject section */

/* Begin PBXResourcesBuildPhase section */
		4DDEF6411B16E73700FF78F8 /* Resources */ = {
			isa = PBXResourcesBuildPhase;
			buildActionMask = 2147483647;
			files = (
				4DDEF6701B16F04D00FF78F8 /* TableViewController.xib in Resources */,
				4DDEF6521B16E73700FF78F8 /* Main.storyboard in Resources */,
				4DDEF6541B16E73700FF78F8 /* Images.xcassets in Resources */,
			);
			runOnlyForDeploymentPostprocessing = 0;
		};
		4DDEF65A1B16E73700FF78F8 /* Resources */ = {
			isa = PBXResourcesBuildPhase;
			buildActionMask = 2147483647;
			files = (
			);
			runOnlyForDeploymentPostprocessing = 0;
		};
/* End PBXResourcesBuildPhase section */

/* Begin PBXSourcesBuildPhase section */
		4DDEF63F1B16E73700FF78F8 /* Sources */ = {
			isa = PBXSourcesBuildPhase;
			buildActionMask = 2147483647;
			files = (
				4DDEF64F1B16E73700FF78F8 /* ViewController.m in Sources */,
				4DDEF64C1B16E73700FF78F8 /* AppDelegate.m in Sources */,
				4DDEF6491B16E73700FF78F8 /* main.m in Sources */,
				4DDEF66F1B16F04D00FF78F8 /* TableViewController.m in Sources */,
			);
			runOnlyForDeploymentPostprocessing = 0;
		};
		4DDEF6581B16E73700FF78F8 /* Sources */ = {
			isa = PBXSourcesBuildPhase;
			buildActionMask = 2147483647;
			files = (
				4DDEF6631B16E73700FF78F8 /* UIRefreshTestTests.m in Sources */,
			);
			runOnlyForDeploymentPostprocessing = 0;
		};
/* End PBXSourcesBuildPhase section */

/* Begin PBXTargetDependency section */
		4DDEF65E1B16E73700FF78F8 /* PBXTargetDependency */ = {
			isa = PBXTargetDependency;
			target = 4DDEF6421B16E73700FF78F8 /* UIRefreshTest */;
			targetProxy = 4DDEF65D1B16E73700FF78F8 /* PBXContainerItemProxy */;
		};
/* End PBXTargetDependency section */

/* Begin PBXVariantGroup section */
		4DDEF6501B16E73700FF78F8 /* Main.storyboard */ = {
			isa = PBXVariantGroup;
			children = (
				4DDEF6511B16E73700FF78F8 /* Base */,
			);
			name = Main.storyboard;
			sourceTree = "<group>";
		};
/* End PBXVariantGroup section */

/* Begin XCBuildConfiguration section */
		4DDEF6641B16E73700FF78F8 /* Debug */ = {
			isa = XCBuildConfiguration;
			buildSettings = {
				ALWAYS_SEARCH_USER_PATHS = NO;
				CLANG_CXX_LANGUAGE_STANDARD = "gnu++0x";
				CLANG_CXX_LIBRARY = "libc++";
				CLANG_ENABLE_MODULES = YES;
				CLANG_ENABLE_OBJC_ARC = YES;
				CLANG_WARN_BOOL_CONVERSION = YES;
				CLANG_WARN_CONSTANT_CONVERSION = YES;
				CLANG_WARN_DIRECT_OBJC_ISA_USAGE = YES_ERROR;
				CLANG_WARN_EMPTY_BODY = YES;
				CLANG_WARN_ENUM_CONVERSION = YES;
				CLANG_WARN_INT_CONVERSION = YES;
				CLANG_WARN_OBJC_ROOT_CLASS = YES_ERROR;
				CLANG_WARN_UNREACHABLE_CODE = YES;
				CLANG_WARN__DUPLICATE_METHOD_MATCH = YES;
				"CODE_SIGN_IDENTITY[sdk=iphoneos*]" = "iPhone Developer";
				COPY_PHASE_STRIP = NO;
				ENABLE_STRICT_OBJC_MSGSEND = YES;
				GCC_C_LANGUAGE_STANDARD = gnu99;
				GCC_DYNAMIC_NO_PIC = NO;
				GCC_OPTIMIZATION_LEVEL = 0;
				GCC_PREPROCESSOR_DEFINITIONS = (
					"DEBUG=1",
					"$(inherited)",
				);
				GCC_SYMBOLS_PRIVATE_EXTERN = NO;
				GCC_WARN_64_TO_32_BIT_CONVERSION = YES;
				GCC_WARN_ABOUT_RETURN_TYPE = YES_ERROR;
				GCC_WARN_UNDECLARED_SELECTOR = YES;
				GCC_WARN_UNINITIALIZED_AUTOS = YES_AGGRESSIVE;
				GCC_WARN_UNUSED_FUNCTION = YES;
				GCC_WARN_UNUSED_VARIABLE = YES;
				IPHONEOS_DEPLOYMENT_TARGET = 8.1;
				MTL_ENABLE_DEBUG_INFO = YES;
				ONLY_ACTIVE_ARCH = YES;
				SDKROOT = iphoneos;
			};
			name = Debug;
		};
		4DDEF6651B16E73700FF78F8 /* Release */ = {
			isa = XCBuildConfiguration;
			buildSettings = {
				ALWAYS_SEARCH_USER_PATHS = NO;
				CLANG_CXX_LANGUAGE_STANDARD = "gnu++0x";
				CLANG_CXX_LIBRARY = "libc++";
				CLANG_ENABLE_MODULES = YES;
				CLANG_ENABLE_OBJC_ARC = YES;
				CLANG_WARN_BOOL_CONVERSION = YES;
				CLANG_WARN_CONSTANT_CONVERSION = YES;
				CLANG_WARN_DIRECT_OBJC_ISA_USAGE = YES_ERROR;
				CLANG_WARN_EMPTY_BODY = YES;
				CLANG_WARN_ENUM_CONVERSION = YES;
				CLANG_WARN_INT_CONVERSION = YES;
				CLANG_WARN_OBJC_ROOT_CLASS = YES_ERROR;
				CLANG_WARN_UNREACHABLE_CODE = YES;
				CLANG_WARN__DUPLICATE_METHOD_MATCH = YES;
				"CODE_SIGN_IDENTITY[sdk=iphoneos*]" = "iPhone Developer";
				COPY_PHASE_STRIP = YES;
				ENABLE_NS_ASSERTIONS = NO;
				ENABLE_STRICT_OBJC_MSGSEND = YES;
				GCC_C_LANGUAGE_STANDARD = gnu99;
				GCC_WARN_64_TO_32_BIT_CONVERSION = YES;
				GCC_WARN_ABOUT_RETURN_TYPE = YES_ERROR;
				GCC_WARN_UNDECLARED_SELECTOR = YES;
				GCC_WARN_UNINITIALIZED_AUTOS = YES_AGGRESSIVE;
				GCC_WARN_UNUSED_FUNCTION = YES;
				GCC_WARN_UNUSED_VARIABLE = YES;
				IPHONEOS_DEPLOYMENT_TARGET = 8.1;
				MTL_ENABLE_DEBUG_INFO = NO;
				SDKROOT = iphoneos;
				VALIDATE_PRODUCT = YES;
			};
			name = Release;
		};
		4DDEF6671B16E73700FF78F8 /* Debug */ = {
			isa = XCBuildConfiguration;
			buildSettings = {
				ASSETCATALOG_COMPILER_APPICON_NAME = AppIcon;
				INFOPLIST_FILE = UIRefreshTest/Info.plist;
				LD_RUNPATH_SEARCH_PATHS = "$(inherited) @executable_path/Frameworks";
				PRODUCT_NAME = "$(TARGET_NAME)";
			};
			name = Debug;
		};
		4DDEF6681B16E73700FF78F8 /* Release */ = {
			isa = XCBuildConfiguration;
			buildSettings = {
				ASSETCATALOG_COMPILER_APPICON_NAME = AppIcon;
				INFOPLIST_FILE = UIRefreshTest/Info.plist;
				LD_RUNPATH_SEARCH_PATHS = "$(inherited) @executable_path/Frameworks";
				PRODUCT_NAME = "$(TARGET_NAME)";
			};
			name = Release;
		};
		4DDEF66A1B16E73700FF78F8 /* Debug */ = {
			isa = XCBuildConfiguration;
			buildSettings = {
				BUNDLE_LOADER = "$(TEST_HOST)";
				FRAMEWORK_SEARCH_PATHS = (
					"$(SDKROOT)/Developer/Library/Frameworks",
					"$(inherited)",
				);
				GCC_PREPROCESSOR_DEFINITIONS = (
					"DEBUG=1",
					"$(inherited)",
				);
				INFOPLIST_FILE = UIRefreshTestTests/Info.plist;
				LD_RUNPATH_SEARCH_PATHS = "$(inherited) @executable_path/Frameworks @loader_path/Frameworks";
				PRODUCT_NAME = "$(TARGET_NAME)";
				TEST_HOST = "$(BUILT_PRODUCTS_DIR)/UIRefreshTest.app/UIRefreshTest";
			};
			name = Debug;
		};
		4DDEF66B1B16E73700FF78F8 /* Release */ = {
			isa = XCBuildConfiguration;
			buildSettings = {
				BUNDLE_LOADER = "$(TEST_HOST)";
				FRAMEWORK_SEARCH_PATHS = (
					"$(SDKROOT)/Developer/Library/Frameworks",
					"$(inherited)",
				);
				INFOPLIST_FILE = UIRefreshTestTests/Info.plist;
				LD_RUNPATH_SEARCH_PATHS = "$(inherited) @executable_path/Frameworks @loader_path/Frameworks";
				PRODUCT_NAME = "$(TARGET_NAME)";
				TEST_HOST = "$(BUILT_PRODUCTS_DIR)/UIRefreshTest.app/UIRefreshTest";
			};
			name = Release;
		};
/* End XCBuildConfiguration section */

/* Begin XCConfigurationList section */
		4DDEF63E1B16E73700FF78F8 /* Build configuration list for PBXProject "UIRefreshTest" */ = {
			isa = XCConfigurationList;
			buildConfigurations = (
				4DDEF6641B16E73700FF78F8 /* Debug */,
				4DDEF6651B16E73700FF78F8 /* Release */,
			);
			defaultConfigurationIsVisible = 0;
			defaultConfigurationName = Release;
		};
		4DDEF6661B16E73700FF78F8 /* Build configuration list for PBXNativeTarget "UIRefreshTest" */ = {
			isa = XCConfigurationList;
			buildConfigurations = (
				4DDEF6671B16E73700FF78F8 /* Debug */,
				4DDEF6681B16E73700FF78F8 /* Release */,
			);
			defaultConfigurationIsVisible = 0;
		};
		4DDEF6691B16E73700FF78F8 /* Build configuration list for PBXNativeTarget "UIRefreshTestTests" */ = {
			isa = XCConfigurationList;
			buildConfigurations = (
				4DDEF66A1B16E73700FF78F8 /* Debug */,
				4DDEF66B1B16E73700FF78F8 /* Release */,
			);
			defaultConfigurationIsVisible = 0;
		};
/* End XCConfigurationList section */
	};
	rootObject = 4DDEF63B1B16E73700FF78F8 /* Project object */;
}
